
Microsoft Visual Studio Solution File, Format Version 12.00
# Visual Studio Version 17
VisualStudioVersion = 17.7.34031.279
MinimumVisualStudioVersion = 10.0.40219.1
Project("{9A19103F-16F7-4668-BE54-9A1E7A4F7556}") = "TheMoviesWPF", "TheMoviesWPF.csproj", "{58356055-B9BA-4352-B132-AF9E5A46A961}"
EndProject
Project("{FAE04EC0-301F-11D3-BF4B-00C04F79EFBC}") = "TestProject2", "..\TestProject2\TestProject2.csproj", "{917C9CF9-0E5B-462A-BF6D-3FC2BE9A23D4}"
EndProject
Global
	GlobalSection(SolutionConfigurationPlatforms) = preSolution
		Debug|Any CPU = Debug|Any CPU
		Release|Any CPU = Release|Any CPU
	EndGlobalSection
	GlobalSection(ProjectConfigurationPlatforms) = postSolution
		{58356055-B9BA-4352-B132-AF9E5A46A961}.Debug|Any CPU.ActiveCfg = Debug|Any CPU
		{58356055-B9BA-4352-B132-AF9E5A46A961}.Debug|Any CPU.Build.0 = Debug|Any CPU
		{58356055-B9BA-4352-B132-AF9E5A46A961}.Release|Any CPU.ActiveCfg = Release|Any CPU
		{58356055-B9BA-4352-B132-AF9E5A46A961}.Release|Any CPU.Build.0 = Release|Any CPU
		{917C9CF9-0E5B-462A-BF6D-3FC2BE9A23D4}.Debug|Any CPU.ActiveCfg = Debug|Any CPU
		{917C9CF9-0E5B-462A-BF6D-3FC2BE9A23D4}.Debug|Any CPU.Build.0 = Debug|Any CPU
		{917C9CF9-0E5B-462A-BF6D-3FC2BE9A23D4}.Release|Any CPU.ActiveCfg = Release|Any CPU
		{917C9CF9-0E5B-462A-BF6D-3FC2BE9A23D4}.Release|Any CPU.Build.0 = Release|Any CPU
	EndGlobalSection
	GlobalSection(SolutionProperties) = preSolution
		HideSolutionNode = FALSE
	EndGlobalSection
	GlobalSection(ExtensibilityGlobals) = postSolution
		SolutionGuid = {010F37CA-80D6-4B2E-A8E7-FE07DD4BD14B}
	EndGlobalSection
EndGlobal
